
Microsoft Visual Studio Solution File, Format Version 12.00
# Visual Studio Version 16
VisualStudioVersion = 16.0.30717.126
MinimumVisualStudioVersion = 10.0.40219.1
Project("{FAE04EC0-301F-11D3-BF4B-00C04F79EFBC}") = "Starex", "Starex.csproj", "{EC921A41-42AD-4262-91D9-5C70C51FC942}"
EndProject
Global
	GlobalSection(SolutionConfigurationPlatforms) = preSolution
		Debug|Any CPU = Debug|Any CPU
		Release|Any CPU = Release|Any CPU
	EndGlobalSection
	GlobalSection(ProjectConfigurationPlatforms) = postSolution
		{EC921A41-42AD-4262-91D9-5C70C51FC942}.Debug|Any CPU.ActiveCfg = Debug|Any CPU
		{EC921A41-42AD-4262-91D9-5C70C51FC942}.Debug|Any CPU.Build.0 = Debug|Any CPU
		{EC921A41-42AD-4262-91D9-5C70C51FC942}.Release|Any CPU.ActiveCfg = Release|Any CPU
		{EC921A41-42AD-4262-91D9-5C70C51FC942}.Release|Any CPU.Build.0 = Release|Any CPU
	EndGlobalSection
	GlobalSection(SolutionProperties) = preSolution
		HideSolutionNode = FALSE
	EndGlobalSection
	GlobalSection(ExtensibilityGlobals) = postSolution
		SolutionGuid = {D0475B92-C897-4403-87AB-8DAB9C7FF297}
	EndGlobalSection
EndGlobal
